
Microsoft Visual Studio Solution File, Format Version 12.00
# Visual Studio 15
VisualStudioVersion = 15.0.28010.2003
MinimumVisualStudioVersion = 10.0.40219.1
Project("{E24C65DC-7377-472B-9ABA-BC803B73C61A}") = "Example_API", "Example_API\", "{56F6E166-0372-48D2-B538-B11A9ED24965}"
	ProjectSection(WebsiteProperties) = preProject
		TargetFrameworkMoniker = ".NETFramework,Version%3Dv4.7"
		ProjectReferences = "{8e04b332-18d5-4775-99f8-564af992d901}|Api.ServiceModel.dll;{06EDDA26-C145-4C05-997F-E70E23DE26B8}|Example.Common.dll;{0e9e6590-1742-4b76-8531-37bad1b20a38}|API_Logic.dll;{669409BC-7180-48F6-A851-1EEC4849022B}|Example_Models.dll;"
		Debug.AspNetCompiler.VirtualPath = "/localhost_59029"
		Debug.AspNetCompiler.PhysicalPath = "Example_API\"
		Debug.AspNetCompiler.TargetPath = "PrecompiledWeb\localhost_59029\"
		Debug.AspNetCompiler.Updateable = "true"
		Debug.AspNetCompiler.ForceOverwrite = "true"
		Debug.AspNetCompiler.FixedNames = "false"
		Debug.AspNetCompiler.Debug = "True"
		Release.AspNetCompiler.VirtualPath = "/localhost_59029"
		Release.AspNetCompiler.PhysicalPath = "Example_API\"
		Release.AspNetCompiler.TargetPath = "PrecompiledWeb\localhost_59029\"
		Release.AspNetCompiler.Updateable = "true"
		Release.AspNetCompiler.ForceOverwrite = "true"
		Release.AspNetCompiler.FixedNames = "false"
		Release.AspNetCompiler.Debug = "False"
		VWDPort = "59029"
		SlnRelativePath = "Example_API\"
		DefaultWebSiteLanguage = "Visual C#"
	EndProjectSection
EndProject
Project("{FAE04EC0-301F-11D3-BF4B-00C04F79EFBC}") = "Api.ServiceModel", "Example_API\Api.ServiceModel\Api.ServiceModel.csproj", "{8E04B332-18D5-4775-99F8-564AF992D901}"
EndProject
Project("{FAE04EC0-301F-11D3-BF4B-00C04F79EFBC}") = "Example.Common", "Common\Example.Common.csproj", "{06EDDA26-C145-4C05-997F-E70E23DE26B8}"
EndProject
Project("{FAE04EC0-301F-11D3-BF4B-00C04F79EFBC}") = "API_Logic", "Example_API\API_Logic\API_Logic.csproj", "{0E9E6590-1742-4B76-8531-37BAD1B20A38}"
EndProject
Project("{FAE04EC0-301F-11D3-BF4B-00C04F79EFBC}") = "Example_Models", "Example_Models\Example_Models.csproj", "{669409BC-7180-48F6-A851-1EEC4849022B}"
EndProject
Global
	GlobalSection(SolutionConfigurationPlatforms) = preSolution
		Debug|Any CPU = Debug|Any CPU
		Release|Any CPU = Release|Any CPU
	EndGlobalSection
	GlobalSection(ProjectConfigurationPlatforms) = postSolution
		{56F6E166-0372-48D2-B538-B11A9ED24965}.Debug|Any CPU.ActiveCfg = Debug|Any CPU
		{56F6E166-0372-48D2-B538-B11A9ED24965}.Debug|Any CPU.Build.0 = Debug|Any CPU
		{56F6E166-0372-48D2-B538-B11A9ED24965}.Release|Any CPU.ActiveCfg = Debug|Any CPU
		{56F6E166-0372-48D2-B538-B11A9ED24965}.Release|Any CPU.Build.0 = Debug|Any CPU
		{8E04B332-18D5-4775-99F8-564AF992D901}.Debug|Any CPU.ActiveCfg = Debug|Any CPU
		{8E04B332-18D5-4775-99F8-564AF992D901}.Debug|Any CPU.Build.0 = Debug|Any CPU
		{8E04B332-18D5-4775-99F8-564AF992D901}.Release|Any CPU.ActiveCfg = Release|Any CPU
		{8E04B332-18D5-4775-99F8-564AF992D901}.Release|Any CPU.Build.0 = Release|Any CPU
		{06EDDA26-C145-4C05-997F-E70E23DE26B8}.Debug|Any CPU.ActiveCfg = Debug|Any CPU
		{06EDDA26-C145-4C05-997F-E70E23DE26B8}.Debug|Any CPU.Build.0 = Debug|Any CPU
		{06EDDA26-C145-4C05-997F-E70E23DE26B8}.Release|Any CPU.ActiveCfg = Release|Any CPU
		{06EDDA26-C145-4C05-997F-E70E23DE26B8}.Release|Any CPU.Build.0 = Release|Any CPU
		{0E9E6590-1742-4B76-8531-37BAD1B20A38}.Debug|Any CPU.ActiveCfg = Debug|Any CPU
		{0E9E6590-1742-4B76-8531-37BAD1B20A38}.Debug|Any CPU.Build.0 = Debug|Any CPU
		{0E9E6590-1742-4B76-8531-37BAD1B20A38}.Release|Any CPU.ActiveCfg = Release|Any CPU
		{0E9E6590-1742-4B76-8531-37BAD1B20A38}.Release|Any CPU.Build.0 = Release|Any CPU
		{669409BC-7180-48F6-A851-1EEC4849022B}.Debug|Any CPU.ActiveCfg = Debug|Any CPU
		{669409BC-7180-48F6-A851-1EEC4849022B}.Debug|Any CPU.Build.0 = Debug|Any CPU
		{669409BC-7180-48F6-A851-1EEC4849022B}.Release|Any CPU.ActiveCfg = Release|Any CPU
		{669409BC-7180-48F6-A851-1EEC4849022B}.Release|Any CPU.Build.0 = Release|Any CPU
	EndGlobalSection
	GlobalSection(SolutionProperties) = preSolution
		HideSolutionNode = FALSE
	EndGlobalSection
	GlobalSection(ExtensibilityGlobals) = postSolution
		SolutionGuid = {4FDB1D25-D59D-494E-9439-F0A18C27CC92}
	EndGlobalSection
EndGlobal
