
Microsoft Visual Studio Solution File, Format Version 12.00
# Visual Studio 15
VisualStudioVersion = 15.0.28010.2003
MinimumVisualStudioVersion = 10.0.40219.1
Project("{E24C65DC-7377-472B-9ABA-BC803B73C61A}") = "Example_API", "Example_API\", "{56F6E166-0372-48D2-B538-B11A9ED24965}"
	ProjectSection(WebsiteProperties) = preProject
		TargetFrameworkMoniker = ".NETFramework,Version%3Dv4.5"
		Debug.AspNetCompiler.VirtualPath = "/localhost_59029"
		Debug.AspNetCompiler.PhysicalPath = "Example_API\"
		Debug.AspNetCompiler.TargetPath = "PrecompiledWeb\localhost_59029\"
		Debug.AspNetCompiler.Updateable = "true"
		Debug.AspNetCompiler.ForceOverwrite = "true"
		Debug.AspNetCompiler.FixedNames = "false"
		Debug.AspNetCompiler.Debug = "True"
		Release.AspNetCompiler.VirtualPath = "/localhost_59029"
		Release.AspNetCompiler.PhysicalPath = "Example_API\"
		Release.AspNetCompiler.TargetPath = "PrecompiledWeb\localhost_59029\"
		Release.AspNetCompiler.Updateable = "true"
		Release.AspNetCompiler.ForceOverwrite = "true"
		Release.AspNetCompiler.FixedNames = "false"
		Release.AspNetCompiler.Debug = "False"
		VWDPort = "59029"
		SlnRelativePath = "Example_API\"
		DefaultWebSiteLanguage = "Visual C#"
	EndProjectSection
EndProject
Global
	GlobalSection(SolutionConfigurationPlatforms) = preSolution
		Debug|Any CPU = Debug|Any CPU
	EndGlobalSection
	GlobalSection(ProjectConfigurationPlatforms) = postSolution
		{56F6E166-0372-48D2-B538-B11A9ED24965}.Debug|Any CPU.ActiveCfg = Debug|Any CPU
		{56F6E166-0372-48D2-B538-B11A9ED24965}.Debug|Any CPU.Build.0 = Debug|Any CPU
	EndGlobalSection
	GlobalSection(SolutionProperties) = preSolution
		HideSolutionNode = FALSE
	EndGlobalSection
	GlobalSection(ExtensibilityGlobals) = postSolution
		SolutionGuid = {4FDB1D25-D59D-494E-9439-F0A18C27CC92}
	EndGlobalSection
EndGlobal
